// !$*UTF8*$!
{
	archiveVersion = 1;
	classes = {
	};
	objectVersion = 50;
	objects = {

/* Begin PBXBuildFile section */
		F5CB0A1A244AFC480050EA5C /* AppDelegate.swift in Sources */ = {isa = PBXBuildFile; fileRef = F5CB0A19244AFC480050EA5C /* AppDelegate.swift */; };
		F5CB0A1C244AFC480050EA5C /* SceneDelegate.swift in Sources */ = {isa = PBXBuildFile; fileRef = F5CB0A1B244AFC480050EA5C /* SceneDelegate.swift */; };
		F5CB0A1E244AFC480050EA5C /* ViewController.swift in Sources */ = {isa = PBXBuildFile; fileRef = F5CB0A1D244AFC480050EA5C /* ViewController.swift */; };
		F5CB0A21244AFC480050EA5C /* Main.storyboard in Resources */ = {isa = PBXBuildFile; fileRef = F5CB0A1F244AFC480050EA5C /* Main.storyboard */; };
		F5CB0A23244AFC490050EA5C /* Assets.xcassets in Resources */ = {isa = PBXBuildFile; fileRef = F5CB0A22244AFC490050EA5C /* Assets.xcassets */; };
		F5CB0A26244AFC490050EA5C /* LaunchScreen.storyboard in Resources */ = {isa = PBXBuildFile; fileRef = F5CB0A24244AFC490050EA5C /* LaunchScreen.storyboard */; };
		F5CB0A31244AFC490050EA5C /* BezierCurveTests.swift in Sources */ = {isa = PBXBuildFile; fileRef = F5CB0A30244AFC490050EA5C /* BezierCurveTests.swift */; };
		F5CB0A3C244AFC490050EA5C /* BezierCurveUITests.swift in Sources */ = {isa = PBXBuildFile; fileRef = F5CB0A3B244AFC490050EA5C /* BezierCurveUITests.swift */; };
		F5CB0A4A244AFC6F0050EA5C /* BezierConfiguration.swift in Sources */ = {isa = PBXBuildFile; fileRef = F5CB0A49244AFC6F0050EA5C /* BezierConfiguration.swift */; };
/* End PBXBuildFile section */

/* Begin PBXContainerItemProxy section */
		F5CB0A2D244AFC490050EA5C /* PBXContainerItemProxy */ = {
			isa = PBXContainerItemProxy;
			containerPortal = F5CB0A0E244AFC480050EA5C /* Project object */;
			proxyType = 1;
			remoteGlobalIDString = F5CB0A15244AFC480050EA5C;
			remoteInfo = BezierCurve;
		};
		F5CB0A38244AFC490050EA5C /* PBXContainerItemProxy */ = {
			isa = PBXContainerItemProxy;
			containerPortal = F5CB0A0E244AFC480050EA5C /* Project object */;
			proxyType = 1;
			remoteGlobalIDString = F5CB0A15244AFC480050EA5C;
			remoteInfo = BezierCurve;
		};
/* End PBXContainerItemProxy section */

/* Begin PBXFileReference section */
		F5CB0A16244AFC480050EA5C /* BezierCurve.app */ = {isa = PBXFileReference; explicitFileType = wrapper.application; includeInIndex = 0; path = BezierCurve.app; sourceTree = BUILT_PRODUCTS_DIR; };
		F5CB0A19244AFC480050EA5C /* AppDelegate.swift */ = {isa = PBXFileReference; lastKnownFileType = sourcecode.swift; path = AppDelegate.swift; sourceTree = "<group>"; };
		F5CB0A1B244AFC480050EA5C /* SceneDelegate.swift */ = {isa = PBXFileReference; lastKnownFileType = sourcecode.swift; path = SceneDelegate.swift; sourceTree = "<group>"; };
		F5CB0A1D244AFC480050EA5C /* ViewController.swift */ = {isa = PBXFileReference; lastKnownFileType = sourcecode.swift; path = ViewController.swift; sourceTree = "<group>"; };
		F5CB0A20244AFC480050EA5C /* Base */ = {isa = PBXFileReference; lastKnownFileType = file.storyboard; name = Base; path = Base.lproj/Main.storyboard; sourceTree = "<group>"; };
		F5CB0A22244AFC490050EA5C /* Assets.xcassets */ = {isa = PBXFileReference; lastKnownFileType = folder.assetcatalog; path = Assets.xcassets; sourceTree = "<group>"; };
		F5CB0A25244AFC490050EA5C /* Base */ = {isa = PBXFileReference; lastKnownFileType = file.storyboard; name = Base; path = Base.lproj/LaunchScreen.storyboard; sourceTree = "<group>"; };
		F5CB0A27244AFC490050EA5C /* Info.plist */ = {isa = PBXFileReference; lastKnownFileType = text.plist.xml; path = Info.plist; sourceTree = "<group>"; };
		F5CB0A2C244AFC490050EA5C /* BezierCurveTests.xctest */ = {isa = PBXFileReference; explicitFileType = wrapper.cfbundle; includeInIndex = 0; path = BezierCurveTests.xctest; sourceTree = BUILT_PRODUCTS_DIR; };
		F5CB0A30244AFC490050EA5C /* BezierCurveTests.swift */ = {isa = PBXFileReference; lastKnownFileType = sourcecode.swift; path = BezierCurveTests.swift; sourceTree = "<group>"; };
		F5CB0A32244AFC490050EA5C /* Info.plist */ = {isa = PBXFileReference; lastKnownFileType = text.plist.xml; path = Info.plist; sourceTree = "<group>"; };
		F5CB0A37244AFC490050EA5C /* BezierCurveUITests.xctest */ = {isa = PBXFileReference; explicitFileType = wrapper.cfbundle; includeInIndex = 0; path = BezierCurveUITests.xctest; sourceTree = BUILT_PRODUCTS_DIR; };
		F5CB0A3B244AFC490050EA5C /* BezierCurveUITests.swift */ = {isa = PBXFileReference; lastKnownFileType = sourcecode.swift; path = BezierCurveUITests.swift; sourceTree = "<group>"; };
		F5CB0A3D244AFC490050EA5C /* Info.plist */ = {isa = PBXFileReference; lastKnownFileType = text.plist.xml; path = Info.plist; sourceTree = "<group>"; };
		F5CB0A49244AFC6F0050EA5C /* BezierConfiguration.swift */ = {isa = PBXFileReference; lastKnownFileType = sourcecode.swift; path = BezierConfiguration.swift; sourceTree = "<group>"; };
/* End PBXFileReference section */

/* Begin PBXFrameworksBuildPhase section */
		F5CB0A13244AFC480050EA5C /* Frameworks */ = {
			isa = PBXFrameworksBuildPhase;
			buildActionMask = 2147483647;
			files = (
			);
			runOnlyForDeploymentPostprocessing = 0;
		};
		F5CB0A29244AFC490050EA5C /* Frameworks */ = {
			isa = PBXFrameworksBuildPhase;
			buildActionMask = 2147483647;
			files = (
			);
			runOnlyForDeploymentPostprocessing = 0;
		};
		F5CB0A34244AFC490050EA5C /* Frameworks */ = {
			isa = PBXFrameworksBuildPhase;
			buildActionMask = 2147483647;
			files = (
			);
			runOnlyForDeploymentPostprocessing = 0;
		};
/* End PBXFrameworksBuildPhase section */

/* Begin PBXGroup section */
		F5CB0A0D244AFC480050EA5C = {
			isa = PBXGroup;
			children = (
				F5CB0A18244AFC480050EA5C /* BezierCurve */,
				F5CB0A2F244AFC490050EA5C /* BezierCurveTests */,
				F5CB0A3A244AFC490050EA5C /* BezierCurveUITests */,
				F5CB0A17244AFC480050EA5C /* Products */,
			);
			sourceTree = "<group>";
		};
		F5CB0A17244AFC480050EA5C /* Products */ = {
			isa = PBXGroup;
			children = (
				F5CB0A16244AFC480050EA5C /* BezierCurve.app */,
				F5CB0A2C244AFC490050EA5C /* BezierCurveTests.xctest */,
				F5CB0A37244AFC490050EA5C /* BezierCurveUITests.xctest */,
			);
			name = Products;
			sourceTree = "<group>";
		};
		F5CB0A18244AFC480050EA5C /* BezierCurve */ = {
			isa = PBXGroup;
			children = (
				F5CB0A19244AFC480050EA5C /* AppDelegate.swift */,
				F5CB0A1B244AFC480050EA5C /* SceneDelegate.swift */,
				F5CB0A1D244AFC480050EA5C /* ViewController.swift */,
				F5CB0A1F244AFC480050EA5C /* Main.storyboard */,
				F5CB0A22244AFC490050EA5C /* Assets.xcassets */,
				F5CB0A24244AFC490050EA5C /* LaunchScreen.storyboard */,
				F5CB0A27244AFC490050EA5C /* Info.plist */,
				F5CB0A49244AFC6F0050EA5C /* BezierConfiguration.swift */,
			);
			path = BezierCurve;
			sourceTree = "<group>";
		};
		F5CB0A2F244AFC490050EA5C /* BezierCurveTests */ = {
			isa = PBXGroup;
			children = (
				F5CB0A30244AFC490050EA5C /* BezierCurveTests.swift */,
				F5CB0A32244AFC490050EA5C /* Info.plist */,
			);
			path = BezierCurveTests;
			sourceTree = "<group>";
		};
		F5CB0A3A244AFC490050EA5C /* BezierCurveUITests */ = {
			isa = PBXGroup;
			children = (
				F5CB0A3B244AFC490050EA5C /* BezierCurveUITests.swift */,
				F5CB0A3D244AFC490050EA5C /* Info.plist */,
			);
			path = BezierCurveUITests;
			sourceTree = "<group>";
		};
/* End PBXGroup section */

/* Begin PBXNativeTarget section */
		F5CB0A15244AFC480050EA5C /* BezierCurve */ = {
			isa = PBXNativeTarget;
			buildConfigurationList = F5CB0A40244AFC490050EA5C /* Build configuration list for PBXNativeTarget "BezierCurve" */;
			buildPhases = (
				F5CB0A12244AFC480050EA5C /* Sources */,
				F5CB0A13244AFC480050EA5C /* Frameworks */,
				F5CB0A14244AFC480050EA5C /* Resources */,
			);
			buildRules = (
			);
			dependencies = (
			);
			name = BezierCurve;
			productName = BezierCurve;
			productReference = F5CB0A16244AFC480050EA5C /* BezierCurve.app */;
			productType = "com.apple.product-type.application";
		};
		F5CB0A2B244AFC490050EA5C /* BezierCurveTests */ = {
			isa = PBXNativeTarget;
			buildConfigurationList = F5CB0A43244AFC490050EA5C /* Build configuration list for PBXNativeTarget "BezierCurveTests" */;
			buildPhases = (
				F5CB0A28244AFC490050EA5C /* Sources */,
				F5CB0A29244AFC490050EA5C /* Frameworks */,
				F5CB0A2A244AFC490050EA5C /* Resources */,
			);
			buildRules = (
			);
			dependencies = (
				F5CB0A2E244AFC490050EA5C /* PBXTargetDependency */,
			);
			name = BezierCurveTests;
			productName = BezierCurveTests;
			productReference = F5CB0A2C244AFC490050EA5C /* BezierCurveTests.xctest */;
			productType = "com.apple.product-type.bundle.unit-test";
		};
		F5CB0A36244AFC490050EA5C /* BezierCurveUITests */ = {
			isa = PBXNativeTarget;
			buildConfigurationList = F5CB0A46244AFC490050EA5C /* Build configuration list for PBXNativeTarget "BezierCurveUITests" */;
			buildPhases = (
				F5CB0A33244AFC490050EA5C /* Sources */,
				F5CB0A34244AFC490050EA5C /* Frameworks */,
				F5CB0A35244AFC490050EA5C /* Resources */,
			);
			buildRules = (
			);
			dependencies = (
				F5CB0A39244AFC490050EA5C /* PBXTargetDependency */,
			);
			name = BezierCurveUITests;
			productName = BezierCurveUITests;
			productReference = F5CB0A37244AFC490050EA5C /* BezierCurveUITests.xctest */;
			productType = "com.apple.product-type.bundle.ui-testing";
		};
/* End PBXNativeTarget section */

/* Begin PBXProject section */
		F5CB0A0E244AFC480050EA5C /* Project object */ = {
			isa = PBXProject;
			attributes = {
				LastSwiftUpdateCheck = 1130;
				LastUpgradeCheck = 1130;
				ORGANIZATIONNAME = "Muhammad Osama Naeem";
				TargetAttributes = {
					F5CB0A15244AFC480050EA5C = {
						CreatedOnToolsVersion = 11.3;
					};
					F5CB0A2B244AFC490050EA5C = {
						CreatedOnToolsVersion = 11.3;
						TestTargetID = F5CB0A15244AFC480050EA5C;
					};
					F5CB0A36244AFC490050EA5C = {
						CreatedOnToolsVersion = 11.3;
						TestTargetID = F5CB0A15244AFC480050EA5C;
					};
				};
			};
			buildConfigurationList = F5CB0A11244AFC480050EA5C /* Build configuration list for PBXProject "BezierCurve" */;
			compatibilityVersion = "Xcode 9.3";
			developmentRegion = en;
			hasScannedForEncodings = 0;
			knownRegions = (
				en,
				Base,
			);
			mainGroup = F5CB0A0D244AFC480050EA5C;
			productRefGroup = F5CB0A17244AFC480050EA5C /* Products */;
			projectDirPath = "";
			projectRoot = "";
			targets = (
				F5CB0A15244AFC480050EA5C /* BezierCurve */,
				F5CB0A2B244AFC490050EA5C /* BezierCurveTests */,
				F5CB0A36244AFC490050EA5C /* BezierCurveUITests */,
			);
		};
/* End PBXProject section */

/* Begin PBXResourcesBuildPhase section */
		F5CB0A14244AFC480050EA5C /* Resources */ = {
			isa = PBXResourcesBuildPhase;
			buildActionMask = 2147483647;
			files = (
				F5CB0A26244AFC490050EA5C /* LaunchScreen.storyboard in Resources */,
				F5CB0A23244AFC490050EA5C /* Assets.xcassets in Resources */,
				F5CB0A21244AFC480050EA5C /* Main.storyboard in Resources */,
			);
			runOnlyForDeploymentPostprocessing = 0;
		};
		F5CB0A2A244AFC490050EA5C /* Resources */ = {
			isa = PBXResourcesBuildPhase;
			buildActionMask = 2147483647;
			files = (
			);
			runOnlyForDeploymentPostprocessing = 0;
		};
		F5CB0A35244AFC490050EA5C /* Resources */ = {
			isa = PBXResourcesBuildPhase;
			buildActionMask = 2147483647;
			files = (
			);
			runOnlyForDeploymentPostprocessing = 0;
		};
/* End PBXResourcesBuildPhase section */

/* Begin PBXSourcesBuildPhase section */
		F5CB0A12244AFC480050EA5C /* Sources */ = {
			isa = PBXSourcesBuildPhase;
			buildActionMask = 2147483647;
			files = (
				F5CB0A1E244AFC480050EA5C /* ViewController.swift in Sources */,
				F5CB0A4A244AFC6F0050EA5C /* BezierConfiguration.swift in Sources */,
				F5CB0A1A244AFC480050EA5C /* AppDelegate.swift in Sources */,
				F5CB0A1C244AFC480050EA5C /* SceneDelegate.swift in Sources */,
			);
			runOnlyForDeploymentPostprocessing = 0;
		};
		F5CB0A28244AFC490050EA5C /* Sources */ = {
			isa = PBXSourcesBuildPhase;
			buildActionMask = 2147483647;
			files = (
				F5CB0A31244AFC490050EA5C /* BezierCurveTests.swift in Sources */,
			);
			runOnlyForDeploymentPostprocessing = 0;
		};
		F5CB0A33244AFC490050EA5C /* Sources */ = {
			isa = PBXSourcesBuildPhase;
			buildActionMask = 2147483647;
			files = (
				F5CB0A3C244AFC490050EA5C /* BezierCurveUITests.swift in Sources */,
			);
			runOnlyForDeploymentPostprocessing = 0;
		};
/* End PBXSourcesBuildPhase section */

/* Begin PBXTargetDependency section */
		F5CB0A2E244AFC490050EA5C /* PBXTargetDependency */ = {
			isa = PBXTargetDependency;
			target = F5CB0A15244AFC480050EA5C /* BezierCurve */;
			targetProxy = F5CB0A2D244AFC490050EA5C /* PBXContainerItemProxy */;
		};
		F5CB0A39244AFC490050EA5C /* PBXTargetDependency */ = {
			isa = PBXTargetDependency;
			target = F5CB0A15244AFC480050EA5C /* BezierCurve */;
			targetProxy = F5CB0A38244AFC490050EA5C /* PBXContainerItemProxy */;
		};
/* End PBXTargetDependency section */

/* Begin PBXVariantGroup section */
		F5CB0A1F244AFC480050EA5C /* Main.storyboard */ = {
			isa = PBXVariantGroup;
			children = (
				F5CB0A20244AFC480050EA5C /* Base */,
			);
			name = Main.storyboard;
			sourceTree = "<group>";
		};
		F5CB0A24244AFC490050EA5C /* LaunchScreen.storyboard */ = {
			isa = PBXVariantGroup;
			children = (
				F5CB0A25244AFC490050EA5C /* Base */,
			);
			name = LaunchScreen.storyboard;
			sourceTree = "<group>";
		};
/* End PBXVariantGroup section */

/* Begin XCBuildConfiguration section */
		F5CB0A3E244AFC490050EA5C /* Debug */ = {
			isa = XCBuildConfiguration;
			buildSettings = {
				ALWAYS_SEARCH_USER_PATHS = NO;
				CLANG_ANALYZER_NONNULL = YES;
				CLANG_ANALYZER_NUMBER_OBJECT_CONVERSION = YES_AGGRESSIVE;
				CLANG_CXX_LANGUAGE_STANDARD = "gnu++14";
				CLANG_CXX_LIBRARY = "libc++";
				CLANG_ENABLE_MODULES = YES;
				CLANG_ENABLE_OBJC_ARC = YES;
				CLANG_ENABLE_OBJC_WEAK = YES;
				CLANG_WARN_BLOCK_CAPTURE_AUTORELEASING = YES;
				CLANG_WARN_BOOL_CONVERSION = YES;
				CLANG_WARN_COMMA = YES;
				CLANG_WARN_CONSTANT_CONVERSION = YES;
				CLANG_WARN_DEPRECATED_OBJC_IMPLEMENTATIONS = YES;
				CLANG_WARN_DIRECT_OBJC_ISA_USAGE = YES_ERROR;
				CLANG_WARN_DOCUMENTATION_COMMENTS = YES;
				CLANG_WARN_EMPTY_BODY = YES;
				CLANG_WARN_ENUM_CONVERSION = YES;
				CLANG_WARN_INFINITE_RECURSION = YES;
				CLANG_WARN_INT_CONVERSION = YES;
				CLANG_WARN_NON_LITERAL_NULL_CONVERSION = YES;
				CLANG_WARN_OBJC_IMPLICIT_RETAIN_SELF = YES;
				CLANG_WARN_OBJC_LITERAL_CONVERSION = YES;
				CLANG_WARN_OBJC_ROOT_CLASS = YES_ERROR;
				CLANG_WARN_RANGE_LOOP_ANALYSIS = YES;
				CLANG_WARN_STRICT_PROTOTYPES = YES;
				CLANG_WARN_SUSPICIOUS_MOVE = YES;
				CLANG_WARN_UNGUARDED_AVAILABILITY = YES_AGGRESSIVE;
				CLANG_WARN_UNREACHABLE_CODE = YES;
				CLANG_WARN__DUPLICATE_METHOD_MATCH = YES;
				COPY_PHASE_STRIP = NO;
				DEBUG_INFORMATION_FORMAT = dwarf;
				ENABLE_STRICT_OBJC_MSGSEND = YES;
				ENABLE_TESTABILITY = YES;
				GCC_C_LANGUAGE_STANDARD = gnu11;
				GCC_DYNAMIC_NO_PIC = NO;
				GCC_NO_COMMON_BLOCKS = YES;
				GCC_OPTIMIZATION_LEVEL = 0;
				GCC_PREPROCESSOR_DEFINITIONS = (
					"DEBUG=1",
					"$(inherited)",
				);
				GCC_WARN_64_TO_32_BIT_CONVERSION = YES;
				GCC_WARN_ABOUT_RETURN_TYPE = YES_ERROR;
				GCC_WARN_UNDECLARED_SELECTOR = YES;
				GCC_WARN_UNINITIALIZED_AUTOS = YES_AGGRESSIVE;
				GCC_WARN_UNUSED_FUNCTION = YES;
				GCC_WARN_UNUSED_VARIABLE = YES;
				IPHONEOS_DEPLOYMENT_TARGET = 13.2;
				MTL_ENABLE_DEBUG_INFO = INCLUDE_SOURCE;
				MTL_FAST_MATH = YES;
				ONLY_ACTIVE_ARCH = YES;
				SDKROOT = iphoneos;
				SWIFT_ACTIVE_COMPILATION_CONDITIONS = DEBUG;
				SWIFT_OPTIMIZATION_LEVEL = "-Onone";
			};
			name = Debug;
		};
		F5CB0A3F244AFC490050EA5C /* Release */ = {
			isa = XCBuildConfiguration;
			buildSettings = {
				ALWAYS_SEARCH_USER_PATHS = NO;
				CLANG_ANALYZER_NONNULL = YES;
				CLANG_ANALYZER_NUMBER_OBJECT_CONVERSION = YES_AGGRESSIVE;
				CLANG_CXX_LANGUAGE_STANDARD = "gnu++14";
				CLANG_CXX_LIBRARY = "libc++";
				CLANG_ENABLE_MODULES = YES;
				CLANG_ENABLE_OBJC_ARC = YES;
				CLANG_ENABLE_OBJC_WEAK = YES;
				CLANG_WARN_BLOCK_CAPTURE_AUTORELEASING = YES;
				CLANG_WARN_BOOL_CONVERSION = YES;
				CLANG_WARN_COMMA = YES;
				CLANG_WARN_CONSTANT_CONVERSION = YES;
				CLANG_WARN_DEPRECATED_OBJC_IMPLEMENTATIONS = YES;
				CLANG_WARN_DIRECT_OBJC_ISA_USAGE = YES_ERROR;
				CLANG_WARN_DOCUMENTATION_COMMENTS = YES;
				CLANG_WARN_EMPTY_BODY = YES;
				CLANG_WARN_ENUM_CONVERSION = YES;
				CLANG_WARN_INFINITE_RECURSION = YES;
				CLANG_WARN_INT_CONVERSION = YES;
				CLANG_WARN_NON_LITERAL_NULL_CONVERSION = YES;
				CLANG_WARN_OBJC_IMPLICIT_RETAIN_SELF = YES;
				CLANG_WARN_OBJC_LITERAL_CONVERSION = YES;
				CLANG_WARN_OBJC_ROOT_CLASS = YES_ERROR;
				CLANG_WARN_RANGE_LOOP_ANALYSIS = YES;
				CLANG_WARN_STRICT_PROTOTYPES = YES;
				CLANG_WARN_SUSPICIOUS_MOVE = YES;
				CLANG_WARN_UNGUARDED_AVAILABILITY = YES_AGGRESSIVE;
				CLANG_WARN_UNREACHABLE_CODE = YES;
				CLANG_WARN__DUPLICATE_METHOD_MATCH = YES;
				COPY_PHASE_STRIP = NO;
				DEBUG_INFORMATION_FORMAT = "dwarf-with-dsym";
				ENABLE_NS_ASSERTIONS = NO;
				ENABLE_STRICT_OBJC_MSGSEND = YES;
				GCC_C_LANGUAGE_STANDARD = gnu11;
				GCC_NO_COMMON_BLOCKS = YES;
				GCC_WARN_64_TO_32_BIT_CONVERSION = YES;
				GCC_WARN_ABOUT_RETURN_TYPE = YES_ERROR;
				GCC_WARN_UNDECLARED_SELECTOR = YES;
				GCC_WARN_UNINITIALIZED_AUTOS = YES_AGGRESSIVE;
				GCC_WARN_UNUSED_FUNCTION = YES;
				GCC_WARN_UNUSED_VARIABLE = YES;
				IPHONEOS_DEPLOYMENT_TARGET = 13.2;
				MTL_ENABLE_DEBUG_INFO = NO;
				MTL_FAST_MATH = YES;
				SDKROOT = iphoneos;
				SWIFT_COMPILATION_MODE = wholemodule;
				SWIFT_OPTIMIZATION_LEVEL = "-O";
				VALIDATE_PRODUCT = YES;
			};
			name = Release;
		};
		F5CB0A41244AFC490050EA5C /* Debug */ = {
			isa = XCBuildConfiguration;
			buildSettings = {
				ASSETCATALOG_COMPILER_APPICON_NAME = AppIcon;
				CODE_SIGN_STYLE = Automatic;
				DEVELOPMENT_TEAM = Q98J247HTL;
				INFOPLIST_FILE = BezierCurve/Info.plist;
				LD_RUNPATH_SEARCH_PATHS = (
					"$(inherited)",
					"@executable_path/Frameworks",
				);
				PRODUCT_BUNDLE_IDENTIFIER = com.exploringswift.BezierCurve;
				PRODUCT_NAME = "$(TARGET_NAME)";
				SWIFT_VERSION = 5.0;
				TARGETED_DEVICE_FAMILY = "1,2";
			};
			name = Debug;
		};
		F5CB0A42244AFC490050EA5C /* Release */ = {
			isa = XCBuildConfiguration;
			buildSettings = {
				ASSETCATALOG_COMPILER_APPICON_NAME = AppIcon;
				CODE_SIGN_STYLE = Automatic;
				DEVELOPMENT_TEAM = Q98J247HTL;
				INFOPLIST_FILE = BezierCurve/Info.plist;
				LD_RUNPATH_SEARCH_PATHS = (
					"$(inherited)",
					"@executable_path/Frameworks",
				);
				PRODUCT_BUNDLE_IDENTIFIER = com.exploringswift.BezierCurve;
				PRODUCT_NAME = "$(TARGET_NAME)";
				SWIFT_VERSION = 5.0;
				TARGETED_DEVICE_FAMILY = "1,2";
			};
			name = Release;
		};
		F5CB0A44244AFC490050EA5C /* Debug */ = {
			isa = XCBuildConfiguration;
			buildSettings = {
				ALWAYS_EMBED_SWIFT_STANDARD_LIBRARIES = YES;
				BUNDLE_LOADER = "$(TEST_HOST)";
				CODE_SIGN_STYLE = Automatic;
				DEVELOPMENT_TEAM = Q98J247HTL;
				INFOPLIST_FILE = BezierCurveTests/Info.plist;
				IPHONEOS_DEPLOYMENT_TARGET = 13.2;
				LD_RUNPATH_SEARCH_PATHS = (
					"$(inherited)",
					"@executable_path/Frameworks",
					"@loader_path/Frameworks",
				);
				PRODUCT_BUNDLE_IDENTIFIER = com.exploringswift.BezierCurveTests;
				PRODUCT_NAME = "$(TARGET_NAME)";
				SWIFT_VERSION = 5.0;
				TARGETED_DEVICE_FAMILY = "1,2";
				TEST_HOST = "$(BUILT_PRODUCTS_DIR)/BezierCurve.app/BezierCurve";
			};
			name = Debug;
		};
		F5CB0A45244AFC490050EA5C /* Release */ = {
			isa = XCBuildConfiguration;
			buildSettings = {
				ALWAYS_EMBED_SWIFT_STANDARD_LIBRARIES = YES;
				BUNDLE_LOADER = "$(TEST_HOST)";
				CODE_SIGN_STYLE = Automatic;
				DEVELOPMENT_TEAM = Q98J247HTL;
				INFOPLIST_FILE = BezierCurveTests/Info.plist;
				IPHONEOS_DEPLOYMENT_TARGET = 13.2;
				LD_RUNPATH_SEARCH_PATHS = (
					"$(inherited)",
					"@executable_path/Frameworks",
					"@loader_path/Frameworks",
				);
				PRODUCT_BUNDLE_IDENTIFIER = com.exploringswift.BezierCurveTests;
				PRODUCT_NAME = "$(TARGET_NAME)";
				SWIFT_VERSION = 5.0;
				TARGETED_DEVICE_FAMILY = "1,2";
				TEST_HOST = "$(BUILT_PRODUCTS_DIR)/BezierCurve.app/BezierCurve";
			};
			name = Release;
		};
		F5CB0A47244AFC490050EA5C /* Debug */ = {
			isa = XCBuildConfiguration;
			buildSettings = {
				ALWAYS_EMBED_SWIFT_STANDARD_LIBRARIES = YES;
				CODE_SIGN_STYLE = Automatic;
				DEVELOPMENT_TEAM = Q98J247HTL;
				INFOPLIST_FILE = BezierCurveUITests/Info.plist;
				LD_RUNPATH_SEARCH_PATHS = (
					"$(inherited)",
					"@executable_path/Frameworks",
					"@loader_path/Frameworks",
				);
				PRODUCT_BUNDLE_IDENTIFIER = com.exploringswift.BezierCurveUITests;
				PRODUCT_NAME = "$(TARGET_NAME)";
				SWIFT_VERSION = 5.0;
				TARGETED_DEVICE_FAMILY = "1,2";
				TEST_TARGET_NAME = BezierCurve;
			};
			name = Debug;
		};
		F5CB0A48244AFC490050EA5C /* Release */ = {
			isa = XCBuildConfiguration;
			buildSettings = {
				ALWAYS_EMBED_SWIFT_STANDARD_LIBRARIES = YES;
				CODE_SIGN_STYLE = Automatic;
				DEVELOPMENT_TEAM = Q98J247HTL;
				INFOPLIST_FILE = BezierCurveUITests/Info.plist;
				LD_RUNPATH_SEARCH_PATHS = (
					"$(inherited)",
					"@executable_path/Frameworks",
					"@loader_path/Frameworks",
				);
				PRODUCT_BUNDLE_IDENTIFIER = com.exploringswift.BezierCurveUITests;
				PRODUCT_NAME = "$(TARGET_NAME)";
				SWIFT_VERSION = 5.0;
				TARGETED_DEVICE_FAMILY = "1,2";
				TEST_TARGET_NAME = BezierCurve;
			};
			name = Release;
		};
/* End XCBuildConfiguration section */

/* Begin XCConfigurationList section */
		F5CB0A11244AFC480050EA5C /* Build configuration list for PBXProject "BezierCurve" */ = {
			isa = XCConfigurationList;
			buildConfigurations = (
				F5CB0A3E244AFC490050EA5C /* Debug */,
				F5CB0A3F244AFC490050EA5C /* Release */,
			);
			defaultConfigurationIsVisible = 0;
			defaultConfigurationName = Release;
		};
		F5CB0A40244AFC490050EA5C /* Build configuration list for PBXNativeTarget "BezierCurve" */ = {
			isa = XCConfigurationList;
			buildConfigurations = (
				F5CB0A41244AFC490050EA5C /* Debug */,
				F5CB0A42244AFC490050EA5C /* Release */,
			);
			defaultConfigurationIsVisible = 0;
			defaultConfigurationName = Release;
		};
		F5CB0A43244AFC490050EA5C /* Build configuration list for PBXNativeTarget "BezierCurveTests" */ = {
			isa = XCConfigurationList;
			buildConfigurations = (
				F5CB0A44244AFC490050EA5C /* Debug */,
				F5CB0A45244AFC490050EA5C /* Release */,
			);
			defaultConfigurationIsVisible = 0;
			defaultConfigurationName = Release;
		};
		F5CB0A46244AFC490050EA5C /* Build configuration list for PBXNativeTarget "BezierCurveUITests" */ = {
			isa = XCConfigurationList;
			buildConfigurations = (
				F5CB0A47244AFC490050EA5C /* Debug */,
				F5CB0A48244AFC490050EA5C /* Release */,
			);
			defaultConfigurationIsVisible = 0;
			defaultConfigurationName = Release;
		};
/* End XCConfigurationList section */
	};
	rootObject = F5CB0A0E244AFC480050EA5C /* Project object */;
}
